{
  "nodes": {
    "daemonFramework": {
      "inputs": {
        "nixpkgs": [
          "nixpkgs"
        ]
      },
      "locked": {
        "lastModified": 1789488442,
        "narHash": "sha256-7qRB8gZa+j4a5U06nj4guQCp+gpIwv7VchrbeFPjnBM=",
        "owner": "pmfleming",
        "repo": "daemon-framework",
        "rev": "47d5a6505a8fbaebb48469d8e689e2743980e416",
        "type": "github"
      },
      "original": {
        "owner": "pmfleming",
        "repo": "daemon-framework",
        "rev": "47d5a6505a8fbaebb48469d8e689e2743980e416",
        "type": "github"
      }
    },
    "nixpkgs": {
      "locked": {
        "lastModified": 1784707089,
        "narHash": "sha256-2V/6imsUgB7mPZlHY54oeVBRDoZbPKnvzwkAHUSSufk=",
        "owner": "NixOS",
        "repo": "nixpkgs",
        "rev": "b3fe9581c9061c749abef42b6d4ee7b7c05c33fa",
        "type": "github"
      },
      "original": {
        "owner": "NixOS",
        "ref": "nixos-26.05",
        "repo": "nixpkgs",
        "type": "github"
      }
    },
    "root": {
      "inputs": {
        "daemonFramework": "daemonFramework",
        "nixpkgs": "nixpkgs"
      }
    }
  },
  "root": "root",
  "version": 7
}
